
Microsoft Visual Studio Solution File, Format Version 12.00
# Visual Studio Version 17
VisualStudioVersion = 17.0.31903.59
MinimumVisualStudioVersion = 10.0.40219.1
Project("{9A19103F-16F7-4668-BE54-9A1E7A4F7556}") = "Crud_Medico_Paciente.Api", "src\Crud_Medico_Paciente.Api\Crud_Medico_Paciente.Api.csproj", "{58C29C1B-39FE-4EAA-A01A-B5A2B62902E7}"
EndProject
Project("{9A19103F-16F7-4668-BE54-9A1E7A4F7556}") = "Crud_Medico_Paciente.Application", "src\Crud_Medico_Paciente.Application\Crud_Medico_Paciente.Application.csproj", "{59ADDE2D-2953-4BDE-ADEB-F77C89ACADED}"
EndProject
Project("{9A19103F-16F7-4668-BE54-9A1E7A4F7556}") = "Crud_Medico_Paciente.Domain", "src\Crud_Medico_Paciente.Domain\Crud_Medico_Paciente.Domain.csproj", "{4AB6100C-75C1-4B6B-8981-AF4645E69D87}"
EndProject
Project("{9A19103F-16F7-4668-BE54-9A1E7A4F7556}") = "Crud_Medico_Paciente.Infra.Data", "src\Crud_Medico_Paciente.Infra.Data\Crud_Medico_Paciente.Infra.Data.csproj", "{B5E15ADA-BB1D-4041-BBB7-D95BB5FA8A58}"
EndProject
Project("{9A19103F-16F7-4668-BE54-9A1E7A4F7556}") = "Crud_Medico_Paciente.IoC", "src\Crud_Medico_Paciente.IoC\Crud_Medico_Paciente.IoC.csproj", "{833328CD-FBA6-4B78-A1B8-F7AFB0A19A58}"
EndProject
Global
	GlobalSection(SolutionConfigurationPlatforms) = preSolution
		Debug|Any CPU = Debug|Any CPU
		Release|Any CPU = Release|Any CPU
	EndGlobalSection
	GlobalSection(ProjectConfigurationPlatforms) = postSolution
		{58C29C1B-39FE-4EAA-A01A-B5A2B62902E7}.Debug|Any CPU.ActiveCfg = Debug|Any CPU
		{58C29C1B-39FE-4EAA-A01A-B5A2B62902E7}.Debug|Any CPU.Build.0 = Debug|Any CPU
		{58C29C1B-39FE-4EAA-A01A-B5A2B62902E7}.Release|Any CPU.ActiveCfg = Release|Any CPU
		{58C29C1B-39FE-4EAA-A01A-B5A2B62902E7}.Release|Any CPU.Build.0 = Release|Any CPU
		{59ADDE2D-2953-4BDE-ADEB-F77C89ACADED}.Debug|Any CPU.ActiveCfg = Debug|Any CPU
		{59ADDE2D-2953-4BDE-ADEB-F77C89ACADED}.Debug|Any CPU.Build.0 = Debug|Any CPU
		{59ADDE2D-2953-4BDE-ADEB-F77C89ACADED}.Release|Any CPU.ActiveCfg = Release|Any CPU
		{59ADDE2D-2953-4BDE-ADEB-F77C89ACADED}.Release|Any CPU.Build.0 = Release|Any CPU
		{4AB6100C-75C1-4B6B-8981-AF4645E69D87}.Debug|Any CPU.ActiveCfg = Debug|Any CPU
		{4AB6100C-75C1-4B6B-8981-AF4645E69D87}.Debug|Any CPU.Build.0 = Debug|Any CPU
		{4AB6100C-75C1-4B6B-8981-AF4645E69D87}.Release|Any CPU.ActiveCfg = Release|Any CPU
		{4AB6100C-75C1-4B6B-8981-AF4645E69D87}.Release|Any CPU.Build.0 = Release|Any CPU
		{B5E15ADA-BB1D-4041-BBB7-D95BB5FA8A58}.Debug|Any CPU.ActiveCfg = Debug|Any CPU
		{B5E15ADA-BB1D-4041-BBB7-D95BB5FA8A58}.Debug|Any CPU.Build.0 = Debug|Any CPU
		{B5E15ADA-BB1D-4041-BBB7-D95BB5FA8A58}.Release|Any CPU.ActiveCfg = Release|Any CPU
		{B5E15ADA-BB1D-4041-BBB7-D95BB5FA8A58}.Release|Any CPU.Build.0 = Release|Any CPU
		{833328CD-FBA6-4B78-A1B8-F7AFB0A19A58}.Debug|Any CPU.ActiveCfg = Debug|Any CPU
		{833328CD-FBA6-4B78-A1B8-F7AFB0A19A58}.Debug|Any CPU.Build.0 = Debug|Any CPU
		{833328CD-FBA6-4B78-A1B8-F7AFB0A19A58}.Release|Any CPU.ActiveCfg = Release|Any CPU
		{833328CD-FBA6-4B78-A1B8-F7AFB0A19A58}.Release|Any CPU.Build.0 = Release|Any CPU
	EndGlobalSection
	GlobalSection(SolutionProperties) = preSolution
		HideSolutionNode = FALSE
	EndGlobalSection
	GlobalSection(ExtensibilityGlobals) = postSolution
		SolutionGuid = {4A4DB5BB-A08E-4888-AF35-7D2B7933B0CF}
	EndGlobalSection
EndGlobal
